
Microsoft Visual Studio Solution File, Format Version 12.00
# Visual Studio 14
VisualStudioVersion = 14.0.24720.0
MinimumVisualStudioVersion = 10.0.40219.1
Project("{FAE04EC0-301F-11D3-BF4B-00C04F79EFBC}") = "DatalogAnalyzer", "DatalogAnalyzer\DatalogAnalyzer.csproj", "{72FD082C-59FA-4E22-A6B7-9999F01AC30A}"
EndProject
Project("{6141683F-8A12-4E36-9623-2EB02B2C2303}") = "Setup", "Setup\Setup.isproj", "{E5278F5A-7EFE-4E2D-9BCB-9D65759A173B}"
EndProject
Project("{FAE04EC0-301F-11D3-BF4B-00C04F79EFBC}") = "OpenLogger.Core", "OpenLogger\OpenLogger.Core.csproj", "{1EEF921C-F140-4E1C-8BB0-95EE71F1B3A5}"
EndProject
Project("{FAE04EC0-301F-11D3-BF4B-00C04F79EFBC}") = "OpenLogAnalyzer", "OpenLogAnalyzer\OpenLogAnalyzer.csproj", "{FC170EFA-0284-45E3-BE8B-2FC2AF4DB7AD}"
EndProject
Project("{FAE04EC0-301F-11D3-BF4B-00C04F79EFBC}") = "OpenLogger.Analysis", "OpenLogger.Analysis\OpenLogger.Analysis.csproj", "{4713D7B3-A233-4980-BFD2-F2C5274764BD}"
EndProject
Global
	GlobalSection(SolutionConfigurationPlatforms) = preSolution
		CD_ROM|Any CPU = CD_ROM|Any CPU
		Debug|Any CPU = Debug|Any CPU
		DVD-5|Any CPU = DVD-5|Any CPU
		Release|Any CPU = Release|Any CPU
		SingleImage|Any CPU = SingleImage|Any CPU
	EndGlobalSection
	GlobalSection(ProjectConfigurationPlatforms) = postSolution
		{72FD082C-59FA-4E22-A6B7-9999F01AC30A}.CD_ROM|Any CPU.ActiveCfg = Release|Any CPU
		{72FD082C-59FA-4E22-A6B7-9999F01AC30A}.CD_ROM|Any CPU.Build.0 = Release|Any CPU
		{72FD082C-59FA-4E22-A6B7-9999F01AC30A}.Debug|Any CPU.ActiveCfg = Debug|Any CPU
		{72FD082C-59FA-4E22-A6B7-9999F01AC30A}.Debug|Any CPU.Build.0 = Debug|Any CPU
		{72FD082C-59FA-4E22-A6B7-9999F01AC30A}.DVD-5|Any CPU.ActiveCfg = Debug|Any CPU
		{72FD082C-59FA-4E22-A6B7-9999F01AC30A}.DVD-5|Any CPU.Build.0 = Debug|Any CPU
		{72FD082C-59FA-4E22-A6B7-9999F01AC30A}.Release|Any CPU.ActiveCfg = Release|Any CPU
		{72FD082C-59FA-4E22-A6B7-9999F01AC30A}.Release|Any CPU.Build.0 = Release|Any CPU
		{72FD082C-59FA-4E22-A6B7-9999F01AC30A}.SingleImage|Any CPU.ActiveCfg = Release|Any CPU
		{72FD082C-59FA-4E22-A6B7-9999F01AC30A}.SingleImage|Any CPU.Build.0 = Release|Any CPU
		{E5278F5A-7EFE-4E2D-9BCB-9D65759A173B}.CD_ROM|Any CPU.ActiveCfg = CD_ROM
		{E5278F5A-7EFE-4E2D-9BCB-9D65759A173B}.CD_ROM|Any CPU.Build.0 = CD_ROM
		{E5278F5A-7EFE-4E2D-9BCB-9D65759A173B}.Debug|Any CPU.ActiveCfg = DVD-5
		{E5278F5A-7EFE-4E2D-9BCB-9D65759A173B}.Debug|Any CPU.Build.0 = DVD-5
		{E5278F5A-7EFE-4E2D-9BCB-9D65759A173B}.DVD-5|Any CPU.ActiveCfg = DVD-5
		{E5278F5A-7EFE-4E2D-9BCB-9D65759A173B}.DVD-5|Any CPU.Build.0 = DVD-5
		{E5278F5A-7EFE-4E2D-9BCB-9D65759A173B}.Release|Any CPU.ActiveCfg = SingleImage
		{E5278F5A-7EFE-4E2D-9BCB-9D65759A173B}.Release|Any CPU.Build.0 = SingleImage
		{E5278F5A-7EFE-4E2D-9BCB-9D65759A173B}.SingleImage|Any CPU.ActiveCfg = SingleImage
		{E5278F5A-7EFE-4E2D-9BCB-9D65759A173B}.SingleImage|Any CPU.Build.0 = SingleImage
		{1EEF921C-F140-4E1C-8BB0-95EE71F1B3A5}.CD_ROM|Any CPU.ActiveCfg = Release|Any CPU
		{1EEF921C-F140-4E1C-8BB0-95EE71F1B3A5}.CD_ROM|Any CPU.Build.0 = Release|Any CPU
		{1EEF921C-F140-4E1C-8BB0-95EE71F1B3A5}.Debug|Any CPU.ActiveCfg = Debug|Any CPU
		{1EEF921C-F140-4E1C-8BB0-95EE71F1B3A5}.Debug|Any CPU.Build.0 = Debug|Any CPU
		{1EEF921C-F140-4E1C-8BB0-95EE71F1B3A5}.DVD-5|Any CPU.ActiveCfg = Debug|Any CPU
		{1EEF921C-F140-4E1C-8BB0-95EE71F1B3A5}.DVD-5|Any CPU.Build.0 = Debug|Any CPU
		{1EEF921C-F140-4E1C-8BB0-95EE71F1B3A5}.Release|Any CPU.ActiveCfg = Release|Any CPU
		{1EEF921C-F140-4E1C-8BB0-95EE71F1B3A5}.Release|Any CPU.Build.0 = Release|Any CPU
		{1EEF921C-F140-4E1C-8BB0-95EE71F1B3A5}.SingleImage|Any CPU.ActiveCfg = Release|Any CPU
		{1EEF921C-F140-4E1C-8BB0-95EE71F1B3A5}.SingleImage|Any CPU.Build.0 = Release|Any CPU
		{FC170EFA-0284-45E3-BE8B-2FC2AF4DB7AD}.CD_ROM|Any CPU.ActiveCfg = Release|Any CPU
		{FC170EFA-0284-45E3-BE8B-2FC2AF4DB7AD}.CD_ROM|Any CPU.Build.0 = Release|Any CPU
		{FC170EFA-0284-45E3-BE8B-2FC2AF4DB7AD}.Debug|Any CPU.ActiveCfg = Debug|Any CPU
		{FC170EFA-0284-45E3-BE8B-2FC2AF4DB7AD}.Debug|Any CPU.Build.0 = Debug|Any CPU
		{FC170EFA-0284-45E3-BE8B-2FC2AF4DB7AD}.DVD-5|Any CPU.ActiveCfg = Debug|Any CPU
		{FC170EFA-0284-45E3-BE8B-2FC2AF4DB7AD}.DVD-5|Any CPU.Build.0 = Debug|Any CPU
		{FC170EFA-0284-45E3-BE8B-2FC2AF4DB7AD}.Release|Any CPU.ActiveCfg = Release|Any CPU
		{FC170EFA-0284-45E3-BE8B-2FC2AF4DB7AD}.Release|Any CPU.Build.0 = Release|Any CPU
		{FC170EFA-0284-45E3-BE8B-2FC2AF4DB7AD}.SingleImage|Any CPU.ActiveCfg = Release|Any CPU
		{FC170EFA-0284-45E3-BE8B-2FC2AF4DB7AD}.SingleImage|Any CPU.Build.0 = Release|Any CPU
		{4713D7B3-A233-4980-BFD2-F2C5274764BD}.CD_ROM|Any CPU.ActiveCfg = Release|Any CPU
		{4713D7B3-A233-4980-BFD2-F2C5274764BD}.CD_ROM|Any CPU.Build.0 = Release|Any CPU
		{4713D7B3-A233-4980-BFD2-F2C5274764BD}.Debug|Any CPU.ActiveCfg = Debug|Any CPU
		{4713D7B3-A233-4980-BFD2-F2C5274764BD}.Debug|Any CPU.Build.0 = Debug|Any CPU
		{4713D7B3-A233-4980-BFD2-F2C5274764BD}.DVD-5|Any CPU.ActiveCfg = Debug|Any CPU
		{4713D7B3-A233-4980-BFD2-F2C5274764BD}.DVD-5|Any CPU.Build.0 = Debug|Any CPU
		{4713D7B3-A233-4980-BFD2-F2C5274764BD}.Release|Any CPU.ActiveCfg = Release|Any CPU
		{4713D7B3-A233-4980-BFD2-F2C5274764BD}.Release|Any CPU.Build.0 = Release|Any CPU
		{4713D7B3-A233-4980-BFD2-F2C5274764BD}.SingleImage|Any CPU.ActiveCfg = Release|Any CPU
		{4713D7B3-A233-4980-BFD2-F2C5274764BD}.SingleImage|Any CPU.Build.0 = Release|Any CPU
	EndGlobalSection
	GlobalSection(SolutionProperties) = preSolution
		HideSolutionNode = FALSE
	EndGlobalSection
EndGlobal
